// !$*UTF8*$!
{
	archiveVersion = 1;
	classes = {
	};
	objectVersion = 50;
	objects = {

/* Begin PBXBuildFile section */
		335AE50527B11A6B0071836D /* AppDelegate.swift in Sources */ = {isa = PBXBuildFile; fileRef = 335AE50427B11A6B0071836D /* AppDelegate.swift */; };
		335AE50727B11A6B0071836D /* SceneDelegate.swift in Sources */ = {isa = PBXBuildFile; fileRef = 335AE50627B11A6B0071836D /* SceneDelegate.swift */; };
		335AE50927B11A6B0071836D /* ViewController.swift in Sources */ = {isa = PBXBuildFile; fileRef = 335AE50827B11A6B0071836D /* ViewController.swift */; };
		335AE50C27B11A6B0071836D /* Main.storyboard in Resources */ = {isa = PBXBuildFile; fileRef = 335AE50A27B11A6B0071836D /* Main.storyboard */; };
		335AE50F27B11A6B0071836D /* CoreDataDemo.xcdatamodeld in Sources */ = {isa = PBXBuildFile; fileRef = 335AE50D27B11A6B0071836D /* CoreDataDemo.xcdatamodeld */; };
		335AE51127B11A7C0071836D /* Assets.xcassets in Resources */ = {isa = PBXBuildFile; fileRef = 335AE51027B11A7C0071836D /* Assets.xcassets */; };
		335AE51427B11A7C0071836D /* LaunchScreen.storyboard in Resources */ = {isa = PBXBuildFile; fileRef = 335AE51227B11A7C0071836D /* LaunchScreen.storyboard */; };
		335AE51C27B11E770071836D /* DBUtil.swift in Sources */ = {isa = PBXBuildFile; fileRef = 335AE51B27B11E770071836D /* DBUtil.swift */; };
		335AE52727B12F870071836D /* EmployeeCell.swift in Sources */ = {isa = PBXBuildFile; fileRef = 335AE52627B12F870071836D /* EmployeeCell.swift */; };
		33B0E0AC27BB625400C7D2DB /* EmpViewModel.swift in Sources */ = {isa = PBXBuildFile; fileRef = 33B0E0AB27BB625400C7D2DB /* EmpViewModel.swift */; };
/* End PBXBuildFile section */

/* Begin PBXFileReference section */
		335AE50127B11A6B0071836D /* CoreDataDemo.app */ = {isa = PBXFileReference; explicitFileType = wrapper.application; includeInIndex = 0; path = CoreDataDemo.app; sourceTree = BUILT_PRODUCTS_DIR; };
		335AE50427B11A6B0071836D /* AppDelegate.swift */ = {isa = PBXFileReference; lastKnownFileType = sourcecode.swift; path = AppDelegate.swift; sourceTree = "<group>"; };
		335AE50627B11A6B0071836D /* SceneDelegate.swift */ = {isa = PBXFileReference; lastKnownFileType = sourcecode.swift; path = SceneDelegate.swift; sourceTree = "<group>"; };
		335AE50827B11A6B0071836D /* ViewController.swift */ = {isa = PBXFileReference; lastKnownFileType = sourcecode.swift; path = ViewController.swift; sourceTree = "<group>"; };
		335AE50B27B11A6B0071836D /* Base */ = {isa = PBXFileReference; lastKnownFileType = file.storyboard; name = Base; path = Base.lproj/Main.storyboard; sourceTree = "<group>"; };
		335AE50E27B11A6B0071836D /* CoreDataDemo.xcdatamodel */ = {isa = PBXFileReference; lastKnownFileType = wrapper.xcdatamodel; path = CoreDataDemo.xcdatamodel; sourceTree = "<group>"; };
		335AE51027B11A7C0071836D /* Assets.xcassets */ = {isa = PBXFileReference; lastKnownFileType = folder.assetcatalog; path = Assets.xcassets; sourceTree = "<group>"; };
		335AE51327B11A7C0071836D /* Base */ = {isa = PBXFileReference; lastKnownFileType = file.storyboard; name = Base; path = Base.lproj/LaunchScreen.storyboard; sourceTree = "<group>"; };
		335AE51527B11A7C0071836D /* Info.plist */ = {isa = PBXFileReference; lastKnownFileType = text.plist.xml; path = Info.plist; sourceTree = "<group>"; };
		335AE51B27B11E770071836D /* DBUtil.swift */ = {isa = PBXFileReference; lastKnownFileType = sourcecode.swift; path = DBUtil.swift; sourceTree = "<group>"; };
		335AE52627B12F870071836D /* EmployeeCell.swift */ = {isa = PBXFileReference; lastKnownFileType = sourcecode.swift; path = EmployeeCell.swift; sourceTree = "<group>"; };
		33B0E0AB27BB625400C7D2DB /* EmpViewModel.swift */ = {isa = PBXFileReference; lastKnownFileType = sourcecode.swift; path = EmpViewModel.swift; sourceTree = "<group>"; };
/* End PBXFileReference section */

/* Begin PBXFrameworksBuildPhase section */
		335AE4FE27B11A6B0071836D /* Frameworks */ = {
			isa = PBXFrameworksBuildPhase;
			buildActionMask = 2147483647;
			files = (
			);
			runOnlyForDeploymentPostprocessing = 0;
		};
/* End PBXFrameworksBuildPhase section */

/* Begin PBXGroup section */
		335AE4F827B11A6B0071836D = {
			isa = PBXGroup;
			children = (
				335AE50327B11A6B0071836D /* CoreDataDemo */,
				335AE50227B11A6B0071836D /* Products */,
			);
			sourceTree = "<group>";
		};
		335AE50227B11A6B0071836D /* Products */ = {
			isa = PBXGroup;
			children = (
				335AE50127B11A6B0071836D /* CoreDataDemo.app */,
			);
			name = Products;
			sourceTree = "<group>";
		};
		335AE50327B11A6B0071836D /* CoreDataDemo */ = {
			isa = PBXGroup;
			children = (
				33B0E0AA27BB614C00C7D2DB /* ViewModel */,
				335AE52327B128430071836D /* View */,
				335AE52127B1280A0071836D /* Model */,
				335AE50427B11A6B0071836D /* AppDelegate.swift */,
				335AE50627B11A6B0071836D /* SceneDelegate.swift */,
				335AE51027B11A7C0071836D /* Assets.xcassets */,
				335AE51527B11A7C0071836D /* Info.plist */,
			);
			path = CoreDataDemo;
			sourceTree = "<group>";
		};
		335AE52127B1280A0071836D /* Model */ = {
			isa = PBXGroup;
			children = (
				335AE50D27B11A6B0071836D /* CoreDataDemo.xcdatamodeld */,
				335AE51B27B11E770071836D /* DBUtil.swift */,
			);
			path = Model;
			sourceTree = "<group>";
		};
		335AE52327B128430071836D /* View */ = {
			isa = PBXGroup;
			children = (
				335AE50827B11A6B0071836D /* ViewController.swift */,
				335AE52627B12F870071836D /* EmployeeCell.swift */,
				335AE50A27B11A6B0071836D /* Main.storyboard */,
				335AE51227B11A7C0071836D /* LaunchScreen.storyboard */,
			);
			path = View;
			sourceTree = "<group>";
		};
		33B0E0AA27BB614C00C7D2DB /* ViewModel */ = {
			isa = PBXGroup;
			children = (
				33B0E0AB27BB625400C7D2DB /* EmpViewModel.swift */,
			);
			path = ViewModel;
			sourceTree = "<group>";
		};
/* End PBXGroup section */

/* Begin PBXNativeTarget section */
		335AE50027B11A6B0071836D /* CoreDataDemo */ = {
			isa = PBXNativeTarget;
			buildConfigurationList = 335AE51827B11A7C0071836D /* Build configuration list for PBXNativeTarget "CoreDataDemo" */;
			buildPhases = (
				335AE4FD27B11A6B0071836D /* Sources */,
				335AE4FE27B11A6B0071836D /* Frameworks */,
				335AE4FF27B11A6B0071836D /* Resources */,
			);
			buildRules = (
			);
			dependencies = (
			);
			name = CoreDataDemo;
			productName = CoreDataDemo;
			productReference = 335AE50127B11A6B0071836D /* CoreDataDemo.app */;
			productType = "com.apple.product-type.application";
		};
/* End PBXNativeTarget section */

/* Begin PBXProject section */
		335AE4F927B11A6B0071836D /* Project object */ = {
			isa = PBXProject;
			attributes = {
				LastSwiftUpdateCheck = 1110;
				LastUpgradeCheck = 1110;
				ORGANIZATIONNAME = comviva;
				TargetAttributes = {
					335AE50027B11A6B0071836D = {
						CreatedOnToolsVersion = 11.1;
					};
				};
			};
			buildConfigurationList = 335AE4FC27B11A6B0071836D /* Build configuration list for PBXProject "CoreDataDemo" */;
			compatibilityVersion = "Xcode 9.3";
			developmentRegion = en;
			hasScannedForEncodings = 0;
			knownRegions = (
				en,
				Base,
			);
			mainGroup = 335AE4F827B11A6B0071836D;
			productRefGroup = 335AE50227B11A6B0071836D /* Products */;
			projectDirPath = "";
			projectRoot = "";
			targets = (
				335AE50027B11A6B0071836D /* CoreDataDemo */,
			);
		};
/* End PBXProject section */

/* Begin PBXResourcesBuildPhase section */
		335AE4FF27B11A6B0071836D /* Resources */ = {
			isa = PBXResourcesBuildPhase;
			buildActionMask = 2147483647;
			files = (
				335AE51427B11A7C0071836D /* LaunchScreen.storyboard in Resources */,
				335AE51127B11A7C0071836D /* Assets.xcassets in Resources */,
				335AE50C27B11A6B0071836D /* Main.storyboard in Resources */,
			);
			runOnlyForDeploymentPostprocessing = 0;
		};
/* End PBXResourcesBuildPhase section */

/* Begin PBXSourcesBuildPhase section */
		335AE4FD27B11A6B0071836D /* Sources */ = {
			isa = PBXSourcesBuildPhase;
			buildActionMask = 2147483647;
			files = (
				335AE50927B11A6B0071836D /* ViewController.swift in Sources */,
				335AE50F27B11A6B0071836D /* CoreDataDemo.xcdatamodeld in Sources */,
				335AE51C27B11E770071836D /* DBUtil.swift in Sources */,
				335AE52727B12F870071836D /* EmployeeCell.swift in Sources */,
				33B0E0AC27BB625400C7D2DB /* EmpViewModel.swift in Sources */,
				335AE50527B11A6B0071836D /* AppDelegate.swift in Sources */,
				335AE50727B11A6B0071836D /* SceneDelegate.swift in Sources */,
			);
			runOnlyForDeploymentPostprocessing = 0;
		};
/* End PBXSourcesBuildPhase section */

/* Begin PBXVariantGroup section */
		335AE50A27B11A6B0071836D /* Main.storyboard */ = {
			isa = PBXVariantGroup;
			children = (
				335AE50B27B11A6B0071836D /* Base */,
			);
			name = Main.storyboard;
			sourceTree = "<group>";
		};
		335AE51227B11A7C0071836D /* LaunchScreen.storyboard */ = {
			isa = PBXVariantGroup;
			children = (
				335AE51327B11A7C0071836D /* Base */,
			);
			name = LaunchScreen.storyboard;
			sourceTree = "<group>";
		};
/* End PBXVariantGroup section */

/* Begin XCBuildConfiguration section */
		335AE51627B11A7C0071836D /* Debug */ = {
			isa = XCBuildConfiguration;
			buildSettings = {
				ALWAYS_SEARCH_USER_PATHS = NO;
				CLANG_ANALYZER_NONNULL = YES;
				CLANG_ANALYZER_NUMBER_OBJECT_CONVERSION = YES_AGGRESSIVE;
				CLANG_CXX_LANGUAGE_STANDARD = "gnu++14";
				CLANG_CXX_LIBRARY = "libc++";
				CLANG_ENABLE_MODULES = YES;
				CLANG_ENABLE_OBJC_ARC = YES;
				CLANG_ENABLE_OBJC_WEAK = YES;
				CLANG_WARN_BLOCK_CAPTURE_AUTORELEASING = YES;
				CLANG_WARN_BOOL_CONVERSION = YES;
				CLANG_WARN_COMMA = YES;
				CLANG_WARN_CONSTANT_CONVERSION = YES;
				CLANG_WARN_DEPRECATED_OBJC_IMPLEMENTATIONS = YES;
				CLANG_WARN_DIRECT_OBJC_ISA_USAGE = YES_ERROR;
				CLANG_WARN_DOCUMENTATION_COMMENTS = YES;
				CLANG_WARN_EMPTY_BODY = YES;
				CLANG_WARN_ENUM_CONVERSION = YES;
				CLANG_WARN_INFINITE_RECURSION = YES;
				CLANG_WARN_INT_CONVERSION = YES;
				CLANG_WARN_NON_LITERAL_NULL_CONVERSION = YES;
				CLANG_WARN_OBJC_IMPLICIT_RETAIN_SELF = YES;
				CLANG_WARN_OBJC_LITERAL_CONVERSION = YES;
				CLANG_WARN_OBJC_ROOT_CLASS = YES_ERROR;
				CLANG_WARN_RANGE_LOOP_ANALYSIS = YES;
				CLANG_WARN_STRICT_PROTOTYPES = YES;
				CLANG_WARN_SUSPICIOUS_MOVE = YES;
				CLANG_WARN_UNGUARDED_AVAILABILITY = YES_AGGRESSIVE;
				CLANG_WARN_UNREACHABLE_CODE = YES;
				CLANG_WARN__DUPLICATE_METHOD_MATCH = YES;
				COPY_PHASE_STRIP = NO;
				DEBUG_INFORMATION_FORMAT = dwarf;
				ENABLE_STRICT_OBJC_MSGSEND = YES;
				ENABLE_TESTABILITY = YES;
				GCC_C_LANGUAGE_STANDARD = gnu11;
				GCC_DYNAMIC_NO_PIC = NO;
				GCC_NO_COMMON_BLOCKS = YES;
				GCC_OPTIMIZATION_LEVEL = 0;
				GCC_PREPROCESSOR_DEFINITIONS = (
					"DEBUG=1",
					"$(inherited)",
				);
				GCC_WARN_64_TO_32_BIT_CONVERSION = YES;
				GCC_WARN_ABOUT_RETURN_TYPE = YES_ERROR;
				GCC_WARN_UNDECLARED_SELECTOR = YES;
				GCC_WARN_UNINITIALIZED_AUTOS = YES_AGGRESSIVE;
				GCC_WARN_UNUSED_FUNCTION = YES;
				GCC_WARN_UNUSED_VARIABLE = YES;
				IPHONEOS_DEPLOYMENT_TARGET = 13.1;
				MTL_ENABLE_DEBUG_INFO = INCLUDE_SOURCE;
				MTL_FAST_MATH = YES;
				ONLY_ACTIVE_ARCH = YES;
				SDKROOT = iphoneos;
				SWIFT_ACTIVE_COMPILATION_CONDITIONS = DEBUG;
				SWIFT_OPTIMIZATION_LEVEL = "-Onone";
			};
			name = Debug;
		};
		335AE51727B11A7C0071836D /* Release */ = {
			isa = XCBuildConfiguration;
			buildSettings = {
				ALWAYS_SEARCH_USER_PATHS = NO;
				CLANG_ANALYZER_NONNULL = YES;
				CLANG_ANALYZER_NUMBER_OBJECT_CONVERSION = YES_AGGRESSIVE;
				CLANG_CXX_LANGUAGE_STANDARD = "gnu++14";
				CLANG_CXX_LIBRARY = "libc++";
				CLANG_ENABLE_MODULES = YES;
				CLANG_ENABLE_OBJC_ARC = YES;
				CLANG_ENABLE_OBJC_WEAK = YES;
				CLANG_WARN_BLOCK_CAPTURE_AUTORELEASING = YES;
				CLANG_WARN_BOOL_CONVERSION = YES;
				CLANG_WARN_COMMA = YES;
				CLANG_WARN_CONSTANT_CONVERSION = YES;
				CLANG_WARN_DEPRECATED_OBJC_IMPLEMENTATIONS = YES;
				CLANG_WARN_DIRECT_OBJC_ISA_USAGE = YES_ERROR;
				CLANG_WARN_DOCUMENTATION_COMMENTS = YES;
				CLANG_WARN_EMPTY_BODY = YES;
				CLANG_WARN_ENUM_CONVERSION = YES;
				CLANG_WARN_INFINITE_RECURSION = YES;
				CLANG_WARN_INT_CONVERSION = YES;
				CLANG_WARN_NON_LITERAL_NULL_CONVERSION = YES;
				CLANG_WARN_OBJC_IMPLICIT_RETAIN_SELF = YES;
				CLANG_WARN_OBJC_LITERAL_CONVERSION = YES;
				CLANG_WARN_OBJC_ROOT_CLASS = YES_ERROR;
				CLANG_WARN_RANGE_LOOP_ANALYSIS = YES;
				CLANG_WARN_STRICT_PROTOTYPES = YES;
				CLANG_WARN_SUSPICIOUS_MOVE = YES;
				CLANG_WARN_UNGUARDED_AVAILABILITY = YES_AGGRESSIVE;
				CLANG_WARN_UNREACHABLE_CODE = YES;
				CLANG_WARN__DUPLICATE_METHOD_MATCH = YES;
				COPY_PHASE_STRIP = NO;
				DEBUG_INFORMATION_FORMAT = "dwarf-with-dsym";
				ENABLE_NS_ASSERTIONS = NO;
				ENABLE_STRICT_OBJC_MSGSEND = YES;
				GCC_C_LANGUAGE_STANDARD = gnu11;
				GCC_NO_COMMON_BLOCKS = YES;
				GCC_WARN_64_TO_32_BIT_CONVERSION = YES;
				GCC_WARN_ABOUT_RETURN_TYPE = YES_ERROR;
				GCC_WARN_UNDECLARED_SELECTOR = YES;
				GCC_WARN_UNINITIALIZED_AUTOS = YES_AGGRESSIVE;
				GCC_WARN_UNUSED_FUNCTION = YES;
				GCC_WARN_UNUSED_VARIABLE = YES;
				IPHONEOS_DEPLOYMENT_TARGET = 13.1;
				MTL_ENABLE_DEBUG_INFO = NO;
				MTL_FAST_MATH = YES;
				SDKROOT = iphoneos;
				SWIFT_COMPILATION_MODE = wholemodule;
				SWIFT_OPTIMIZATION_LEVEL = "-O";
				VALIDATE_PRODUCT = YES;
			};
			name = Release;
		};
		335AE51927B11A7C0071836D /* Debug */ = {
			isa = XCBuildConfiguration;
			buildSettings = {
				ASSETCATALOG_COMPILER_APPICON_NAME = AppIcon;
				CODE_SIGN_STYLE = Automatic;
				INFOPLIST_FILE = CoreDataDemo/Info.plist;
				LD_RUNPATH_SEARCH_PATHS = (
					"$(inherited)",
					"@executable_path/Frameworks",
				);
				PRODUCT_BUNDLE_IDENTIFIER = com.comviva.CoreDataDemo;
				PRODUCT_NAME = "$(TARGET_NAME)";
				SWIFT_VERSION = 5.0;
				TARGETED_DEVICE_FAMILY = "1,2";
			};
			name = Debug;
		};
		335AE51A27B11A7C0071836D /* Release */ = {
			isa = XCBuildConfiguration;
			buildSettings = {
				ASSETCATALOG_COMPILER_APPICON_NAME = AppIcon;
				CODE_SIGN_STYLE = Automatic;
				INFOPLIST_FILE = CoreDataDemo/Info.plist;
				LD_RUNPATH_SEARCH_PATHS = (
					"$(inherited)",
					"@executable_path/Frameworks",
				);
				PRODUCT_BUNDLE_IDENTIFIER = com.comviva.CoreDataDemo;
				PRODUCT_NAME = "$(TARGET_NAME)";
				SWIFT_VERSION = 5.0;
				TARGETED_DEVICE_FAMILY = "1,2";
			};
			name = Release;
		};
/* End XCBuildConfiguration section */

/* Begin XCConfigurationList section */
		335AE4FC27B11A6B0071836D /* Build configuration list for PBXProject "CoreDataDemo" */ = {
			isa = XCConfigurationList;
			buildConfigurations = (
				335AE51627B11A7C0071836D /* Debug */,
				335AE51727B11A7C0071836D /* Release */,
			);
			defaultConfigurationIsVisible = 0;
			defaultConfigurationName = Release;
		};
		335AE51827B11A7C0071836D /* Build configuration list for PBXNativeTarget "CoreDataDemo" */ = {
			isa = XCConfigurationList;
			buildConfigurations = (
				335AE51927B11A7C0071836D /* Debug */,
				335AE51A27B11A7C0071836D /* Release */,
			);
			defaultConfigurationIsVisible = 0;
			defaultConfigurationName = Release;
		};
/* End XCConfigurationList section */

/* Begin XCVersionGroup section */
		335AE50D27B11A6B0071836D /* CoreDataDemo.xcdatamodeld */ = {
			isa = XCVersionGroup;
			children = (
				335AE50E27B11A6B0071836D /* CoreDataDemo.xcdatamodel */,
			);
			currentVersion = 335AE50E27B11A6B0071836D /* CoreDataDemo.xcdatamodel */;
			path = CoreDataDemo.xcdatamodeld;
			sourceTree = "<group>";
			versionGroupType = wrapper.xcdatamodel;
		};
/* End XCVersionGroup section */
	};
	rootObject = 335AE4F927B11A6B0071836D /* Project object */;
}
